// !$*UTF8*$!
{
	archiveVersion = 1;
	classes = {
	};
	objectVersion = 50;
	objects = {

/* Begin PBXBuildFile section */
		8F11C75D22FEE59F0075F89A /* ImageManager.swift in Sources */ = {isa = PBXBuildFile; fileRef = 8F11C75C22FEE59F0075F89A /* ImageManager.swift */; };
		8F26DEEB23004C000081D0E7 /* RemindersViewController.swift in Sources */ = {isa = PBXBuildFile; fileRef = 8F26DEEA23004C000081D0E7 /* RemindersViewController.swift */; };
		8F321DED22FDC5D800643584 /* DayView.xib in Resources */ = {isa = PBXBuildFile; fileRef = 8F321DEC22FDC5D800643584 /* DayView.xib */; };
		8F321DEF22FDE21B00643584 /* CardView.swift in Sources */ = {isa = PBXBuildFile; fileRef = 8F321DEE22FDE21B00643584 /* CardView.swift */; };
		8F321DF122FDF6EC00643584 /* Utilities.swift in Sources */ = {isa = PBXBuildFile; fileRef = 8F321DF022FDF6EC00643584 /* Utilities.swift */; };
		8F3C2743235F366E000E3DF3 /* LevelCell.xib in Resources */ = {isa = PBXBuildFile; fileRef = 8F3C2742235F366E000E3DF3 /* LevelCell.xib */; };
		8F3C2745235F37A8000E3DF3 /* LevelCell.swift in Sources */ = {isa = PBXBuildFile; fileRef = 8F3C2744235F37A8000E3DF3 /* LevelCell.swift */; };
		8F3CC1CF22F9F69400040A22 /* AppDelegate.swift in Sources */ = {isa = PBXBuildFile; fileRef = 8F3CC1CE22F9F69400040A22 /* AppDelegate.swift */; };
		8F3CC1D422F9F69400040A22 /* Main.storyboard in Resources */ = {isa = PBXBuildFile; fileRef = 8F3CC1D222F9F69400040A22 /* Main.storyboard */; };
		8F3CC1D922F9F69700040A22 /* LaunchScreen.storyboard in Resources */ = {isa = PBXBuildFile; fileRef = 8F3CC1D722F9F69700040A22 /* LaunchScreen.storyboard */; };
		8F3CC1E322F9FBB700040A22 /* DayView.swift in Sources */ = {isa = PBXBuildFile; fileRef = 8F3CC1E222F9FBB700040A22 /* DayView.swift */; };
		8F3CC1E522FA07E200040A22 /* StartViewController.swift in Sources */ = {isa = PBXBuildFile; fileRef = 8F3CC1E422FA07E200040A22 /* StartViewController.swift */; };
		8F49B0EC22FF1F4800CFA70A /* LevelCollectionViewController.swift in Sources */ = {isa = PBXBuildFile; fileRef = 8F49B0EB22FF1F4700CFA70A /* LevelCollectionViewController.swift */; };
		8F49B0EE22FF291E00CFA70A /* CardCollectionViewCell.swift in Sources */ = {isa = PBXBuildFile; fileRef = 8F49B0ED22FF291E00CFA70A /* CardCollectionViewCell.swift */; };
		8F49B0F022FF5D1D00CFA70A /* DaysCompletedManager.swift in Sources */ = {isa = PBXBuildFile; fileRef = 8F49B0EF22FF5D1D00CFA70A /* DaysCompletedManager.swift */; };
		8F4A98D322FB22ED003E0A68 /* TestViewController.swift in Sources */ = {isa = PBXBuildFile; fileRef = 8F4A98D222FB22ED003E0A68 /* TestViewController.swift */; };
		8F4A98D522FB2301003E0A68 /* NewCardViewController.swift in Sources */ = {isa = PBXBuildFile; fileRef = 8F4A98D422FB2301003E0A68 /* NewCardViewController.swift */; };
		8F4A98D722FB85B4003E0A68 /* ButtonsViewController.swift in Sources */ = {isa = PBXBuildFile; fileRef = 8F4A98D622FB85B4003E0A68 /* ButtonsViewController.swift */; };
		8F4A98D922FC0AC9003E0A68 /* Assets.xcassets in Resources */ = {isa = PBXBuildFile; fileRef = 8F4A98D822FC0AC8003E0A68 /* Assets.xcassets */; };
		8F4A98DB22FC0BC1003E0A68 /* FancyButton.swift in Sources */ = {isa = PBXBuildFile; fileRef = 8F4A98DA22FC0BC1003E0A68 /* FancyButton.swift */; };
		8F4A98E022FC1DD3003E0A68 /* SF-Compact-Rounded-Bold.otf in Resources */ = {isa = PBXBuildFile; fileRef = 8F4A98DE22FC1D63003E0A68 /* SF-Compact-Rounded-Bold.otf */; };
		8F4A98E122FC1DD3003E0A68 /* SF-Compact-Rounded-Medium.otf in Resources */ = {isa = PBXBuildFile; fileRef = 8F4A98DF22FC1D63003E0A68 /* SF-Compact-Rounded-Medium.otf */; };
		8FAD2F0622FE2179002B311F /* ModalCardViewController.swift in Sources */ = {isa = PBXBuildFile; fileRef = 8FAD2F0522FE2179002B311F /* ModalCardViewController.swift */; };
		8FAD2F0A22FE27AA002B311F /* SwiftyDraw.swift in Sources */ = {isa = PBXBuildFile; fileRef = 8FAD2F0822FE27A9002B311F /* SwiftyDraw.swift */; };
		8FAD2F0B22FE27AA002B311F /* Brush.swift in Sources */ = {isa = PBXBuildFile; fileRef = 8FAD2F0922FE27A9002B311F /* Brush.swift */; };
		8FAD2F0D22FE2B11002B311F /* ToolsViewController.swift in Sources */ = {isa = PBXBuildFile; fileRef = 8FAD2F0C22FE2B11002B311F /* ToolsViewController.swift */; };
		8FAD2F1022FE382D002B311F /* ColorSlider.swift in Sources */ = {isa = PBXBuildFile; fileRef = 8FAD2F0E22FE382C002B311F /* ColorSlider.swift */; };
		8FAD2F1122FE382D002B311F /* WidthSlider.swift in Sources */ = {isa = PBXBuildFile; fileRef = 8FAD2F0F22FE382D002B311F /* WidthSlider.swift */; };
		8FAD2F1522FE51FB002B311F /* SlidersViewController.swift in Sources */ = {isa = PBXBuildFile; fileRef = 8FAD2F1422FE51FB002B311F /* SlidersViewController.swift */; };
		8FDA70EB22FDAD3900B57B7A /* GradientView.swift in Sources */ = {isa = PBXBuildFile; fileRef = 8FDA70EA22FDAD3900B57B7A /* GradientView.swift */; };
		8FDA8A5C23005A8D00F59F7D /* EditReminderViewController.swift in Sources */ = {isa = PBXBuildFile; fileRef = 8FDA8A5B23005A8D00F59F7D /* EditReminderViewController.swift */; };
		8FDA8A602301F18700F59F7D /* TestLaunchScreen.storyboard in Resources */ = {isa = PBXBuildFile; fileRef = 8FDA8A5F2301F18700F59F7D /* TestLaunchScreen.storyboard */; };
		8FDA8A622302196000F59F7D /* NotificationsManager.swift in Sources */ = {isa = PBXBuildFile; fileRef = 8FDA8A612302196000F59F7D /* NotificationsManager.swift */; };
		8FF64E3823327FF700F21768 /* OnboardingViewController.swift in Sources */ = {isa = PBXBuildFile; fileRef = 8FF64E3723327FF700F21768 /* OnboardingViewController.swift */; };
/* End PBXBuildFile section */

/* Begin PBXFileReference section */
		8F11C75C22FEE59F0075F89A /* ImageManager.swift */ = {isa = PBXFileReference; lastKnownFileType = sourcecode.swift; path = ImageManager.swift; sourceTree = "<group>"; };
		8F26DEEA23004C000081D0E7 /* RemindersViewController.swift */ = {isa = PBXFileReference; lastKnownFileType = sourcecode.swift; path = RemindersViewController.swift; sourceTree = "<group>"; };
		8F321DEC22FDC5D800643584 /* DayView.xib */ = {isa = PBXFileReference; fileEncoding = 4; lastKnownFileType = file.xib; path = DayView.xib; sourceTree = "<group>"; };
		8F321DEE22FDE21B00643584 /* CardView.swift */ = {isa = PBXFileReference; lastKnownFileType = sourcecode.swift; path = CardView.swift; sourceTree = "<group>"; };
		8F321DF022FDF6EC00643584 /* Utilities.swift */ = {isa = PBXFileReference; lastKnownFileType = sourcecode.swift; path = Utilities.swift; sourceTree = "<group>"; };
		8F3C2742235F366E000E3DF3 /* LevelCell.xib */ = {isa = PBXFileReference; lastKnownFileType = file.xib; path = LevelCell.xib; sourceTree = "<group>"; };
		8F3C2744235F37A8000E3DF3 /* LevelCell.swift */ = {isa = PBXFileReference; lastKnownFileType = sourcecode.swift; path = LevelCell.swift; sourceTree = "<group>"; };
		8F3CC1CB22F9F69400040A22 /* Spaced Repetition.app */ = {isa = PBXFileReference; explicitFileType = wrapper.application; includeInIndex = 0; path = "Spaced Repetition.app"; sourceTree = BUILT_PRODUCTS_DIR; };
		8F3CC1CE22F9F69400040A22 /* AppDelegate.swift */ = {isa = PBXFileReference; lastKnownFileType = sourcecode.swift; path = AppDelegate.swift; sourceTree = "<group>"; };
		8F3CC1D322F9F69400040A22 /* Base */ = {isa = PBXFileReference; lastKnownFileType = file.storyboard; name = Base; path = Base.lproj/Main.storyboard; sourceTree = "<group>"; };
		8F3CC1D822F9F69700040A22 /* Base */ = {isa = PBXFileReference; lastKnownFileType = file.storyboard; name = Base; path = Base.lproj/LaunchScreen.storyboard; sourceTree = "<group>"; };
		8F3CC1DA22F9F69700040A22 /* Info.plist */ = {isa = PBXFileReference; lastKnownFileType = text.plist.xml; path = Info.plist; sourceTree = "<group>"; };
		8F3CC1E222F9FBB700040A22 /* DayView.swift */ = {isa = PBXFileReference; lastKnownFileType = sourcecode.swift; path = DayView.swift; sourceTree = "<group>"; };
		8F3CC1E422FA07E200040A22 /* StartViewController.swift */ = {isa = PBXFileReference; lastKnownFileType = sourcecode.swift; path = StartViewController.swift; sourceTree = "<group>"; };
		8F49B0EB22FF1F4700CFA70A /* LevelCollectionViewController.swift */ = {isa = PBXFileReference; lastKnownFileType = sourcecode.swift; path = LevelCollectionViewController.swift; sourceTree = "<group>"; };
		8F49B0ED22FF291E00CFA70A /* CardCollectionViewCell.swift */ = {isa = PBXFileReference; lastKnownFileType = sourcecode.swift; path = CardCollectionViewCell.swift; sourceTree = "<group>"; };
		8F49B0EF22FF5D1D00CFA70A /* DaysCompletedManager.swift */ = {isa = PBXFileReference; lastKnownFileType = sourcecode.swift; path = DaysCompletedManager.swift; sourceTree = "<group>"; };
		8F4A98D222FB22ED003E0A68 /* TestViewController.swift */ = {isa = PBXFileReference; lastKnownFileType = sourcecode.swift; path = TestViewController.swift; sourceTree = "<group>"; };
		8F4A98D422FB2301003E0A68 /* NewCardViewController.swift */ = {isa = PBXFileReference; lastKnownFileType = sourcecode.swift; path = NewCardViewController.swift; sourceTree = "<group>"; };
		8F4A98D622FB85B4003E0A68 /* ButtonsViewController.swift */ = {isa = PBXFileReference; lastKnownFileType = sourcecode.swift; path = ButtonsViewController.swift; sourceTree = "<group>"; };
		8F4A98D822FC0AC8003E0A68 /* Assets.xcassets */ = {isa = PBXFileReference; lastKnownFileType = folder.assetcatalog; path = Assets.xcassets; sourceTree = "<group>"; };
		8F4A98DA22FC0BC1003E0A68 /* FancyButton.swift */ = {isa = PBXFileReference; lastKnownFileType = sourcecode.swift; path = FancyButton.swift; sourceTree = "<group>"; };
		8F4A98DE22FC1D63003E0A68 /* SF-Compact-Rounded-Bold.otf */ = {isa = PBXFileReference; lastKnownFileType = file; path = "SF-Compact-Rounded-Bold.otf"; sourceTree = "<group>"; };
		8F4A98DF22FC1D63003E0A68 /* SF-Compact-Rounded-Medium.otf */ = {isa = PBXFileReference; lastKnownFileType = file; path = "SF-Compact-Rounded-Medium.otf"; sourceTree = "<group>"; };
		8FAD2F0522FE2179002B311F /* ModalCardViewController.swift */ = {isa = PBXFileReference; lastKnownFileType = sourcecode.swift; path = ModalCardViewController.swift; sourceTree = "<group>"; };
		8FAD2F0822FE27A9002B311F /* SwiftyDraw.swift */ = {isa = PBXFileReference; fileEncoding = 4; lastKnownFileType = sourcecode.swift; path = SwiftyDraw.swift; sourceTree = "<group>"; };
		8FAD2F0922FE27A9002B311F /* Brush.swift */ = {isa = PBXFileReference; fileEncoding = 4; lastKnownFileType = sourcecode.swift; path = Brush.swift; sourceTree = "<group>"; };
		8FAD2F0C22FE2B11002B311F /* ToolsViewController.swift */ = {isa = PBXFileReference; lastKnownFileType = sourcecode.swift; path = ToolsViewController.swift; sourceTree = "<group>"; };
		8FAD2F0E22FE382C002B311F /* ColorSlider.swift */ = {isa = PBXFileReference; fileEncoding = 4; lastKnownFileType = sourcecode.swift; path = ColorSlider.swift; sourceTree = "<group>"; };
		8FAD2F0F22FE382D002B311F /* WidthSlider.swift */ = {isa = PBXFileReference; fileEncoding = 4; lastKnownFileType = sourcecode.swift; path = WidthSlider.swift; sourceTree = "<group>"; };
		8FAD2F1422FE51FB002B311F /* SlidersViewController.swift */ = {isa = PBXFileReference; lastKnownFileType = sourcecode.swift; path = SlidersViewController.swift; sourceTree = "<group>"; };
		8FDA70EA22FDAD3900B57B7A /* GradientView.swift */ = {isa = PBXFileReference; lastKnownFileType = sourcecode.swift; path = GradientView.swift; sourceTree = "<group>"; };
		8FDA8A5B23005A8D00F59F7D /* EditReminderViewController.swift */ = {isa = PBXFileReference; lastKnownFileType = sourcecode.swift; path = EditReminderViewController.swift; sourceTree = "<group>"; };
		8FDA8A5F2301F18700F59F7D /* TestLaunchScreen.storyboard */ = {isa = PBXFileReference; lastKnownFileType = file.storyboard; path = TestLaunchScreen.storyboard; sourceTree = "<group>"; };
		8FDA8A612302196000F59F7D /* NotificationsManager.swift */ = {isa = PBXFileReference; lastKnownFileType = sourcecode.swift; path = NotificationsManager.swift; sourceTree = "<group>"; };
		8FF64E3723327FF700F21768 /* OnboardingViewController.swift */ = {isa = PBXFileReference; lastKnownFileType = sourcecode.swift; path = OnboardingViewController.swift; sourceTree = "<group>"; };
/* End PBXFileReference section */

/* Begin PBXFrameworksBuildPhase section */
		8F3CC1C822F9F69400040A22 /* Frameworks */ = {
			isa = PBXFrameworksBuildPhase;
			buildActionMask = 2147483647;
			files = (
			);
			runOnlyForDeploymentPostprocessing = 0;
		};
/* End PBXFrameworksBuildPhase section */

/* Begin PBXGroup section */
		8F26DEEC23004C430081D0E7 /* Reminders */ = {
			isa = PBXGroup;
			children = (
				8F26DEEA23004C000081D0E7 /* RemindersViewController.swift */,
				8FDA8A5B23005A8D00F59F7D /* EditReminderViewController.swift */,
			);
			path = Reminders;
			sourceTree = "<group>";
		};
		8F3CC1C222F9F69400040A22 = {
			isa = PBXGroup;
			children = (
				8F3CC1CD22F9F69400040A22 /* Spaced Repetition */,
				8F3CC1CC22F9F69400040A22 /* Products */,
			);
			sourceTree = "<group>";
		};
		8F3CC1CC22F9F69400040A22 /* Products */ = {
			isa = PBXGroup;
			children = (
				8F3CC1CB22F9F69400040A22 /* Spaced Repetition.app */,
			);
			name = Products;
			sourceTree = "<group>";
		};
		8F3CC1CD22F9F69400040A22 /* Spaced Repetition */ = {
			isa = PBXGroup;
			children = (
				8F3CC1CE22F9F69400040A22 /* AppDelegate.swift */,
				8F3CC1E422FA07E200040A22 /* StartViewController.swift */,
				8FF64E3723327FF700F21768 /* OnboardingViewController.swift */,
				8F49B0EB22FF1F4700CFA70A /* LevelCollectionViewController.swift */,
				8F3C2742235F366E000E3DF3 /* LevelCell.xib */,
				8F3C2744235F37A8000E3DF3 /* LevelCell.swift */,
				8F49B0ED22FF291E00CFA70A /* CardCollectionViewCell.swift */,
				8FAD2F0522FE2179002B311F /* ModalCardViewController.swift */,
				8F4A98D222FB22ED003E0A68 /* TestViewController.swift */,
				8F4A98D422FB2301003E0A68 /* NewCardViewController.swift */,
				8F26DEEC23004C430081D0E7 /* Reminders */,
				8F11C75C22FEE59F0075F89A /* ImageManager.swift */,
				8F49B0EF22FF5D1D00CFA70A /* DaysCompletedManager.swift */,
				8FDA8A612302196000F59F7D /* NotificationsManager.swift */,
				8F3CC1D222F9F69400040A22 /* Main.storyboard */,
				8F321DEE22FDE21B00643584 /* CardView.swift */,
				8F4A98DA22FC0BC1003E0A68 /* FancyButton.swift */,
				8FDA70EA22FDAD3900B57B7A /* GradientView.swift */,
				8F321DEC22FDC5D800643584 /* DayView.xib */,
				8F3CC1E222F9FBB700040A22 /* DayView.swift */,
				8F4A98D622FB85B4003E0A68 /* ButtonsViewController.swift */,
				8FAD2F0C22FE2B11002B311F /* ToolsViewController.swift */,
				8FAD2F1422FE51FB002B311F /* SlidersViewController.swift */,
				8FAD2F0E22FE382C002B311F /* ColorSlider.swift */,
				8FAD2F0F22FE382D002B311F /* WidthSlider.swift */,
				8F321DF022FDF6EC00643584 /* Utilities.swift */,
				8F3CC1D722F9F69700040A22 /* LaunchScreen.storyboard */,
				8FDA8A5F2301F18700F59F7D /* TestLaunchScreen.storyboard */,
				8FAD2F0722FE27A9002B311F /* SwiftyDraw */,
				8F4A98D822FC0AC8003E0A68 /* Assets.xcassets */,
				8F3CC1DA22F9F69700040A22 /* Info.plist */,
				8F4A98DE22FC1D63003E0A68 /* SF-Compact-Rounded-Bold.otf */,
				8F4A98DF22FC1D63003E0A68 /* SF-Compact-Rounded-Medium.otf */,
			);
			path = "Spaced Repetition";
			sourceTree = "<group>";
		};
		8FAD2F0722FE27A9002B311F /* SwiftyDraw */ = {
			isa = PBXGroup;
			children = (
				8FAD2F0822FE27A9002B311F /* SwiftyDraw.swift */,
				8FAD2F0922FE27A9002B311F /* Brush.swift */,
			);
			path = SwiftyDraw;
			sourceTree = "<group>";
		};
/* End PBXGroup section */

/* Begin PBXNativeTarget section */
		8F3CC1CA22F9F69400040A22 /* Spaced Repetition */ = {
			isa = PBXNativeTarget;
			buildConfigurationList = 8F3CC1DD22F9F69700040A22 /* Build configuration list for PBXNativeTarget "Spaced Repetition" */;
			buildPhases = (
				8F3CC1C722F9F69400040A22 /* Sources */,
				8F3CC1C822F9F69400040A22 /* Frameworks */,
				8F3CC1C922F9F69400040A22 /* Resources */,
			);
			buildRules = (
			);
			dependencies = (
			);
			name = "Spaced Repetition";
			productName = "Spaced Repetition";
			productReference = 8F3CC1CB22F9F69400040A22 /* Spaced Repetition.app */;
			productType = "com.apple.product-type.application";
		};
/* End PBXNativeTarget section */

/* Begin PBXProject section */
		8F3CC1C322F9F69400040A22 /* Project object */ = {
			isa = PBXProject;
			attributes = {
				LastSwiftUpdateCheck = 1020;
				LastUpgradeCheck = 1020;
				ORGANIZATIONNAME = "Johannes Wärn";
				TargetAttributes = {
					8F3CC1CA22F9F69400040A22 = {
						CreatedOnToolsVersion = 10.2.1;
					};
				};
			};
			buildConfigurationList = 8F3CC1C622F9F69400040A22 /* Build configuration list for PBXProject "Spaced Repetition" */;
			compatibilityVersion = "Xcode 9.3";
			developmentRegion = en;
			hasScannedForEncodings = 0;
			knownRegions = (
				en,
				Base,
			);
			mainGroup = 8F3CC1C222F9F69400040A22;
			productRefGroup = 8F3CC1CC22F9F69400040A22 /* Products */;
			projectDirPath = "";
			projectRoot = "";
			targets = (
				8F3CC1CA22F9F69400040A22 /* Spaced Repetition */,
			);
		};
/* End PBXProject section */

/* Begin PBXResourcesBuildPhase section */
		8F3CC1C922F9F69400040A22 /* Resources */ = {
			isa = PBXResourcesBuildPhase;
			buildActionMask = 2147483647;
			files = (
				8F3CC1D922F9F69700040A22 /* LaunchScreen.storyboard in Resources */,
				8F321DED22FDC5D800643584 /* DayView.xib in Resources */,
				8FDA8A602301F18700F59F7D /* TestLaunchScreen.storyboard in Resources */,
				8F4A98E022FC1DD3003E0A68 /* SF-Compact-Rounded-Bold.otf in Resources */,
				8F4A98E122FC1DD3003E0A68 /* SF-Compact-Rounded-Medium.otf in Resources */,
				8F4A98D922FC0AC9003E0A68 /* Assets.xcassets in Resources */,
				8F3C2743235F366E000E3DF3 /* LevelCell.xib in Resources */,
				8F3CC1D422F9F69400040A22 /* Main.storyboard in Resources */,
			);
			runOnlyForDeploymentPostprocessing = 0;
		};
/* End PBXResourcesBuildPhase section */

/* Begin PBXSourcesBuildPhase section */
		8F3CC1C722F9F69400040A22 /* Sources */ = {
			isa = PBXSourcesBuildPhase;
			buildActionMask = 2147483647;
			files = (
				8F3C2745235F37A8000E3DF3 /* LevelCell.swift in Sources */,
				8F49B0EC22FF1F4800CFA70A /* LevelCollectionViewController.swift in Sources */,
				8F3CC1CF22F9F69400040A22 /* AppDelegate.swift in Sources */,
				8FDA8A622302196000F59F7D /* NotificationsManager.swift in Sources */,
				8FAD2F1022FE382D002B311F /* ColorSlider.swift in Sources */,
				8FAD2F0622FE2179002B311F /* ModalCardViewController.swift in Sources */,
				8FDA8A5C23005A8D00F59F7D /* EditReminderViewController.swift in Sources */,
				8F26DEEB23004C000081D0E7 /* RemindersViewController.swift in Sources */,
				8F11C75D22FEE59F0075F89A /* ImageManager.swift in Sources */,
				8F321DEF22FDE21B00643584 /* CardView.swift in Sources */,
				8FAD2F0A22FE27AA002B311F /* SwiftyDraw.swift in Sources */,
				8F4A98D522FB2301003E0A68 /* NewCardViewController.swift in Sources */,
				8F49B0EE22FF291E00CFA70A /* CardCollectionViewCell.swift in Sources */,
				8FF64E3823327FF700F21768 /* OnboardingViewController.swift in Sources */,
				8F3CC1E322F9FBB700040A22 /* DayView.swift in Sources */,
				8FAD2F0D22FE2B11002B311F /* ToolsViewController.swift in Sources */,
				8F4A98DB22FC0BC1003E0A68 /* FancyButton.swift in Sources */,
				8F4A98D322FB22ED003E0A68 /* TestViewController.swift in Sources */,
				8F4A98D722FB85B4003E0A68 /* ButtonsViewController.swift in Sources */,
				8FAD2F1522FE51FB002B311F /* SlidersViewController.swift in Sources */,
				8FDA70EB22FDAD3900B57B7A /* GradientView.swift in Sources */,
				8F321DF122FDF6EC00643584 /* Utilities.swift in Sources */,
				8FAD2F0B22FE27AA002B311F /* Brush.swift in Sources */,
				8F3CC1E522FA07E200040A22 /* StartViewController.swift in Sources */,
				8F49B0F022FF5D1D00CFA70A /* DaysCompletedManager.swift in Sources */,
				8FAD2F1122FE382D002B311F /* WidthSlider.swift in Sources */,
			);
			runOnlyForDeploymentPostprocessing = 0;
		};
/* End PBXSourcesBuildPhase section */

/* Begin PBXVariantGroup section */
		8F3CC1D222F9F69400040A22 /* Main.storyboard */ = {
			isa = PBXVariantGroup;
			children = (
				8F3CC1D322F9F69400040A22 /* Base */,
			);
			name = Main.storyboard;
			sourceTree = "<group>";
		};
		8F3CC1D722F9F69700040A22 /* LaunchScreen.storyboard */ = {
			isa = PBXVariantGroup;
			children = (
				8F3CC1D822F9F69700040A22 /* Base */,
			);
			name = LaunchScreen.storyboard;
			sourceTree = "<group>";
		};
/* End PBXVariantGroup section */

/* Begin XCBuildConfiguration section */
		8F3CC1DB22F9F69700040A22 /* Debug */ = {
			isa = XCBuildConfiguration;
			buildSettings = {
				ALWAYS_SEARCH_USER_PATHS = NO;
				CLANG_ANALYZER_NONNULL = YES;
				CLANG_ANALYZER_NUMBER_OBJECT_CONVERSION = YES_AGGRESSIVE;
				CLANG_CXX_LANGUAGE_STANDARD = "gnu++14";
				CLANG_CXX_LIBRARY = "libc++";
				CLANG_ENABLE_MODULES = YES;
				CLANG_ENABLE_OBJC_ARC = YES;
				CLANG_ENABLE_OBJC_WEAK = YES;
				CLANG_WARN_BLOCK_CAPTURE_AUTORELEASING = YES;
				CLANG_WARN_BOOL_CONVERSION = YES;
				CLANG_WARN_COMMA = YES;
				CLANG_WARN_CONSTANT_CONVERSION = YES;
				CLANG_WARN_DEPRECATED_OBJC_IMPLEMENTATIONS = YES;
				CLANG_WARN_DIRECT_OBJC_ISA_USAGE = YES_ERROR;
				CLANG_WARN_DOCUMENTATION_COMMENTS = YES;
				CLANG_WARN_EMPTY_BODY = YES;
				CLANG_WARN_ENUM_CONVERSION = YES;
				CLANG_WARN_INFINITE_RECURSION = YES;
				CLANG_WARN_INT_CONVERSION = YES;
				CLANG_WARN_NON_LITERAL_NULL_CONVERSION = YES;
				CLANG_WARN_OBJC_IMPLICIT_RETAIN_SELF = YES;
				CLANG_WARN_OBJC_LITERAL_CONVERSION = YES;
				CLANG_WARN_OBJC_ROOT_CLASS = YES_ERROR;
				CLANG_WARN_RANGE_LOOP_ANALYSIS = YES;
				CLANG_WARN_STRICT_PROTOTYPES = YES;
				CLANG_WARN_SUSPICIOUS_MOVE = YES;
				CLANG_WARN_UNGUARDED_AVAILABILITY = YES_AGGRESSIVE;
				CLANG_WARN_UNREACHABLE_CODE = YES;
				CLANG_WARN__DUPLICATE_METHOD_MATCH = YES;
				CODE_SIGN_IDENTITY = "iPhone Developer";
				COPY_PHASE_STRIP = NO;
				DEBUG_INFORMATION_FORMAT = dwarf;
				ENABLE_STRICT_OBJC_MSGSEND = YES;
				ENABLE_TESTABILITY = YES;
				GCC_C_LANGUAGE_STANDARD = gnu11;
				GCC_DYNAMIC_NO_PIC = NO;
				GCC_NO_COMMON_BLOCKS = YES;
				GCC_OPTIMIZATION_LEVEL = 0;
				GCC_PREPROCESSOR_DEFINITIONS = (
					"DEBUG=1",
					"$(inherited)",
				);
				GCC_WARN_64_TO_32_BIT_CONVERSION = YES;
				GCC_WARN_ABOUT_RETURN_TYPE = YES_ERROR;
				GCC_WARN_UNDECLARED_SELECTOR = YES;
				GCC_WARN_UNINITIALIZED_AUTOS = YES_AGGRESSIVE;
				GCC_WARN_UNUSED_FUNCTION = YES;
				GCC_WARN_UNUSED_VARIABLE = YES;
				IPHONEOS_DEPLOYMENT_TARGET = 9.0;
				MTL_ENABLE_DEBUG_INFO = INCLUDE_SOURCE;
				MTL_FAST_MATH = YES;
				ONLY_ACTIVE_ARCH = YES;
				SDKROOT = iphoneos;
				SWIFT_ACTIVE_COMPILATION_CONDITIONS = DEBUG;
				SWIFT_OPTIMIZATION_LEVEL = "-Onone";
			};
			name = Debug;
		};
		8F3CC1DC22F9F69700040A22 /* Release */ = {
			isa = XCBuildConfiguration;
			buildSettings = {
				ALWAYS_SEARCH_USER_PATHS = NO;
				CLANG_ANALYZER_NONNULL = YES;
				CLANG_ANALYZER_NUMBER_OBJECT_CONVERSION = YES_AGGRESSIVE;
				CLANG_CXX_LANGUAGE_STANDARD = "gnu++14";
				CLANG_CXX_LIBRARY = "libc++";
				CLANG_ENABLE_MODULES = YES;
				CLANG_ENABLE_OBJC_ARC = YES;
				CLANG_ENABLE_OBJC_WEAK = YES;
				CLANG_WARN_BLOCK_CAPTURE_AUTORELEASING = YES;
				CLANG_WARN_BOOL_CONVERSION = YES;
				CLANG_WARN_COMMA = YES;
				CLANG_WARN_CONSTANT_CONVERSION = YES;
				CLANG_WARN_DEPRECATED_OBJC_IMPLEMENTATIONS = YES;
				CLANG_WARN_DIRECT_OBJC_ISA_USAGE = YES_ERROR;
				CLANG_WARN_DOCUMENTATION_COMMENTS = YES;
				CLANG_WARN_EMPTY_BODY = YES;
				CLANG_WARN_ENUM_CONVERSION = YES;
				CLANG_WARN_INFINITE_RECURSION = YES;
				CLANG_WARN_INT_CONVERSION = YES;
				CLANG_WARN_NON_LITERAL_NULL_CONVERSION = YES;
				CLANG_WARN_OBJC_IMPLICIT_RETAIN_SELF = YES;
				CLANG_WARN_OBJC_LITERAL_CONVERSION = YES;
				CLANG_WARN_OBJC_ROOT_CLASS = YES_ERROR;
				CLANG_WARN_RANGE_LOOP_ANALYSIS = YES;
				CLANG_WARN_STRICT_PROTOTYPES = YES;
				CLANG_WARN_SUSPICIOUS_MOVE = YES;
				CLANG_WARN_UNGUARDED_AVAILABILITY = YES_AGGRESSIVE;
				CLANG_WARN_UNREACHABLE_CODE = YES;
				CLANG_WARN__DUPLICATE_METHOD_MATCH = YES;
				CODE_SIGN_IDENTITY = "iPhone Developer";
				COPY_PHASE_STRIP = NO;
				DEBUG_INFORMATION_FORMAT = "dwarf-with-dsym";
				ENABLE_NS_ASSERTIONS = NO;
				ENABLE_STRICT_OBJC_MSGSEND = YES;
				GCC_C_LANGUAGE_STANDARD = gnu11;
				GCC_NO_COMMON_BLOCKS = YES;
				GCC_WARN_64_TO_32_BIT_CONVERSION = YES;
				GCC_WARN_ABOUT_RETURN_TYPE = YES_ERROR;
				GCC_WARN_UNDECLARED_SELECTOR = YES;
				GCC_WARN_UNINITIALIZED_AUTOS = YES_AGGRESSIVE;
				GCC_WARN_UNUSED_FUNCTION = YES;
				GCC_WARN_UNUSED_VARIABLE = YES;
				IPHONEOS_DEPLOYMENT_TARGET = 9.0;
				MTL_ENABLE_DEBUG_INFO = NO;
				MTL_FAST_MATH = YES;
				SDKROOT = iphoneos;
				SWIFT_COMPILATION_MODE = wholemodule;
				SWIFT_OPTIMIZATION_LEVEL = "-O";
				VALIDATE_PRODUCT = YES;
			};
			name = Release;
		};
		8F3CC1DE22F9F69700040A22 /* Debug */ = {
			isa = XCBuildConfiguration;
			buildSettings = {
				ASSETCATALOG_COMPILER_APPICON_NAME = AppIcon;
				CODE_SIGN_IDENTITY = "iPhone Developer";
				CODE_SIGN_STYLE = Automatic;
				CURRENT_PROJECT_VERSION = 1;
				DEVELOPMENT_TEAM = X4Q384825H;
				INFOPLIST_FILE = "Spaced Repetition/Info.plist";
				LD_RUNPATH_SEARCH_PATHS = (
					"$(inherited)",
					"@executable_path/Frameworks",
				);
				MARKETING_VERSION = 1.3.2;
				PRODUCT_BUNDLE_IDENTIFIER = "com.johanneswarn.Spaced-Repetition";
				PRODUCT_NAME = "$(TARGET_NAME)";
				PROVISIONING_PROFILE_SPECIFIER = "";
				SWIFT_VERSION = 5.0;
				TARGETED_DEVICE_FAMILY = "1,2";
			};
			name = Debug;
		};
		8F3CC1DF22F9F69700040A22 /* Release */ = {
			isa = XCBuildConfiguration;
			buildSettings = {
				ASSETCATALOG_COMPILER_APPICON_NAME = AppIcon;
				CODE_SIGN_IDENTITY = "iPhone Developer";
				CODE_SIGN_STYLE = Automatic;
				CURRENT_PROJECT_VERSION = 1;
				DEVELOPMENT_TEAM = X4Q384825H;
				INFOPLIST_FILE = "Spaced Repetition/Info.plist";
				LD_RUNPATH_SEARCH_PATHS = (
					"$(inherited)",
					"@executable_path/Frameworks",
				);
				MARKETING_VERSION = 1.3.2;
				PRODUCT_BUNDLE_IDENTIFIER = "com.johanneswarn.Spaced-Repetition";
				PRODUCT_NAME = "$(TARGET_NAME)";
				PROVISIONING_PROFILE_SPECIFIER = "";
				SWIFT_VERSION = 5.0;
				TARGETED_DEVICE_FAMILY = "1,2";
			};
			name = Release;
		};
/* End XCBuildConfiguration section */

/* Begin XCConfigurationList section */
		8F3CC1C622F9F69400040A22 /* Build configuration list for PBXProject "Spaced Repetition" */ = {
			isa = XCConfigurationList;
			buildConfigurations = (
				8F3CC1DB22F9F69700040A22 /* Debug */,
				8F3CC1DC22F9F69700040A22 /* Release */,
			);
			defaultConfigurationIsVisible = 0;
			defaultConfigurationName = Release;
		};
		8F3CC1DD22F9F69700040A22 /* Build configuration list for PBXNativeTarget "Spaced Repetition" */ = {
			isa = XCConfigurationList;
			buildConfigurations = (
				8F3CC1DE22F9F69700040A22 /* Debug */,
				8F3CC1DF22F9F69700040A22 /* Release */,
			);
			defaultConfigurationIsVisible = 0;
			defaultConfigurationName = Release;
		};
/* End XCConfigurationList section */
	};
	rootObject = 8F3CC1C322F9F69400040A22 /* Project object */;
}
